{
  "version": "2.2.0",
  "lockfileVersion": 1,
  "requires": true,
  "dependencies": {
    "n": {
      "version": "9.0.0",
      "resolved": "https://registry.npmjs.org/n/-/n-9.0.0.tgz",
      "integrity": "sha512-OZie4DuAZASChFZnIkf5BYEYEhMe6utRTAWM+98aS6N0pRLNxcDEMwxSsy7is98zTlDICcQB2dym+u10pEOtBg=="
    },
    "stable": {
      "version": "0.1.8",
      "resolved": "https://registry.npmjs.org/stable/-/stable-0.1.8.tgz",
      "integrity": "sha512-ji9qxRnOVfcuLDySj9qzhGSEFVobyt1kIOSkj1qZzYLzq7Tos/oUUWvotUPQLlrsidqsK6tBH89Bc9kL5zHA6w=="
    }
  }
}
